
Microsoft Visual Studio Solution File, Format Version 11.00
# Visual Studio 2010
Project("{FAE04EC0-301F-11D3-BF4B-00C04F79EFBC}") = "ConsoleApplication14", "ConsoleApplication14\ConsoleApplication14.csproj", "{F055DCD1-5FFE-4A5B-A9E9-A632A20161EB}"
EndProject
Global
	GlobalSection(SolutionConfigurationPlatforms) = preSolution
		Debug|x86 = Debug|x86
		Release|x86 = Release|x86
	EndGlobalSection
	GlobalSection(ProjectConfigurationPlatforms) = postSolution
		{F055DCD1-5FFE-4A5B-A9E9-A632A20161EB}.Debug|x86.ActiveCfg = Debug|x86
		{F055DCD1-5FFE-4A5B-A9E9-A632A20161EB}.Debug|x86.Build.0 = Debug|x86
		{F055DCD1-5FFE-4A5B-A9E9-A632A20161EB}.Release|x86.ActiveCfg = Release|x86
		{F055DCD1-5FFE-4A5B-A9E9-A632A20161EB}.Release|x86.Build.0 = Release|x86
	EndGlobalSection
	GlobalSection(SolutionProperties) = preSolution
		HideSolutionNode = FALSE
	EndGlobalSection
EndGlobal
